
Microsoft Visual Studio Solution File, Format Version 12.00
# Visual Studio Version 17
VisualStudioVersion = 17.9.34728.123
MinimumVisualStudioVersion = 10.0.40219.1
Project("{FAE04EC0-301F-11D3-BF4B-00C04F79EFBC}") = "CSharpOnVS", "CSharpOnVS\CSharpOnVS.csproj", "{6737A86D-AC1F-4FA1-91D9-7DF10DAAB20A}"
EndProject
Global
	GlobalSection(SolutionConfigurationPlatforms) = preSolution
		Debug|Any CPU = Debug|Any CPU
		Release|Any CPU = Release|Any CPU
	EndGlobalSection
	GlobalSection(ProjectConfigurationPlatforms) = postSolution
		{6737A86D-AC1F-4FA1-91D9-7DF10DAAB20A}.Debug|Any CPU.ActiveCfg = Debug|Any CPU
		{6737A86D-AC1F-4FA1-91D9-7DF10DAAB20A}.Debug|Any CPU.Build.0 = Debug|Any CPU
		{6737A86D-AC1F-4FA1-91D9-7DF10DAAB20A}.Release|Any CPU.ActiveCfg = Release|Any CPU
		{6737A86D-AC1F-4FA1-91D9-7DF10DAAB20A}.Release|Any CPU.Build.0 = Release|Any CPU
	EndGlobalSection
	GlobalSection(SolutionProperties) = preSolution
		HideSolutionNode = FALSE
	EndGlobalSection
	GlobalSection(ExtensibilityGlobals) = postSolution
		SolutionGuid = {DBC6BB66-BD6C-402B-AC1A-55F46653A4FB}
	EndGlobalSection
EndGlobal
